// !$*UTF8*$!
{
	archiveVersion = 1;
	classes = {
	};
	objectVersion = 73;
	objects = {

/* Begin PBXBuildFile section */
		DC09C57C2DE3A75E00774D7D /* NotebookChartsView.swift in Sources */ = {isa = PBXBuildFile; fileRef = DC09C57B2DE3A75E00774D7D /* NotebookChartsView.swift */; };
		DC0E89992DE366E900B27198 /* OpenWindowView.swift in Sources */ = {isa = PBXBuildFile; fileRef = DC0E89982DE366E900B27198 /* OpenWindowView.swift */; };
		DC0E899F2DE36A5F00B27198 /* ChartWindowView.swift in Sources */ = {isa = PBXBuildFile; fileRef = DC0E899E2DE36A5F00B27198 /* ChartWindowView.swift */; };
		DC1CD6752E779D5C002EDE42 /* PointCloudRendererView.swift in Sources */ = {isa = PBXBuildFile; fileRef = DC1CD6742E779D5C002EDE42 /* PointCloudRendererView.swift */; };
		DC1CD6782E77A128002EDE42 /* PointCloudSupport.swift in Sources */ = {isa = PBXBuildFile; fileRef = DC1CD6772E77A128002EDE42 /* PointCloudSupport.swift */; };
		DC2408592E2EC6CC0062838C /* Composer.icon in Resources */ = {isa = PBXBuildFile; fileRef = DC2408582E2EC6CC0062838C /* Composer.icon */; };
		DC28CF672E02673000F3705E /* LoadUnloadTest.swift in Sources */ = {isa = PBXBuildFile; fileRef = DC28CF662E02673000F3705E /* LoadUnloadTest.swift */; };
		DC28CF6C2E026B4300F3705E /* template.ipynb in Resources */ = {isa = PBXBuildFile; fileRef = DC28CF6B2E026B4300F3705E /* template.ipynb */; };
		DC28CF6E2E026E2300F3705E /* TemplateNotebook.swift in Sources */ = {isa = PBXBuildFile; fileRef = DC28CF6D2E026E2300F3705E /* TemplateNotebook.swift */; };
		DC28EA392E036B7D00586089 /* NotebookImportDialog.swift in Sources */ = {isa = PBXBuildFile; fileRef = DC28EA382E036B7D00586089 /* NotebookImportDialog.swift */; };
		DC509DEB2DF12D790097C6DB /* ChartDataPoint.swift in Sources */ = {isa = PBXBuildFile; fileRef = DC509DEA2DF12D790097C6DB /* ChartDataPoint.swift */; };
		DC575EDD2E079DC30057DB73 /* SaveNotebookDialog.swift in Sources */ = {isa = PBXBuildFile; fileRef = DC575EDC2E079DC30057DB73 /* SaveNotebookDialog.swift */; };
		DC575EE12E085D4B0057DB73 /* EnhancedNotebookChartsView.swift in Sources */ = {isa = PBXBuildFile; fileRef = DC575EE02E085D4B0057DB73 /* EnhancedNotebookChartsView.swift */; };
		DC5839732E2EC42800B8CD7E /* GoodVibes.txt in Resources */ = {isa = PBXBuildFile; fileRef = DC5839722E2EC42800B8CD7E /* GoodVibes.txt */; };
		DC60FCC02DFF34EE00996C50 /* PointCloudImport.swift in Sources */ = {isa = PBXBuildFile; fileRef = DC60FCBF2DFF34EE00996C50 /* PointCloudImport.swift */; };
		DC6365FC2DE4FFEA00F94FA8 /* SpatialMetadata.swift in Sources */ = {isa = PBXBuildFile; fileRef = DC6365FB2DE4FFEA00F94FA8 /* SpatialMetadata.swift */; };
		DC64375A2E5E2E8F00032551 /* startup_sound.mp3 in Resources */ = {isa = PBXBuildFile; fileRef = DC6437592E5E2E8F00032551 /* startup_sound.mp3 */; };
		DC661B352E04A126005454FE /* SpatialEditorView.swift in Sources */ = {isa = PBXBuildFile; fileRef = DC661B342E04A126005454FE /* SpatialEditorView.swift */; };
		DC6A50A52E0B607600C4FEAF /* EnvironmentView.swift in Sources */ = {isa = PBXBuildFile; fileRef = DC6A50A42E0B607600C4FEAF /* EnvironmentView.swift */; };
		DC70C5822DE7672800DADEAE /* Lorenz.ipynb in Resources */ = {isa = PBXBuildFile; fileRef = DC70C5812DE7672800DADEAE /* Lorenz.ipynb */; };
		DC85D58C2E03A2C400559301 /* EnvironmentRestoreDialog.swift in Sources */ = {isa = PBXBuildFile; fileRef = DC85D58B2E03A2C400559301 /* EnvironmentRestoreDialog.swift */; };
		DC85D58E2E03AD7E00559301 /* SimpleRestoreDialog.swift in Sources */ = {isa = PBXBuildFile; fileRef = DC85D58D2E03AD7E00559301 /* SimpleRestoreDialog.swift */; };
		DC9BB5BF2E39D7E10043F42B /* NotebookCellViewer.swift in Sources */ = {isa = PBXBuildFile; fileRef = DC9BB5BE2E39D7E10043F42B /* NotebookCellViewer.swift */; };
		DCAEF7CB2E5F6EFF009551A3 /* PultoHomeView.swift in Sources */ = {isa = PBXBuildFile; fileRef = DCAEF7CA2E5F6EFF009551A3 /* PultoHomeView.swift */; };
		DCBB4FAC2E4D79A90094B0BC /* FileImportRowView.swift in Sources */ = {isa = PBXBuildFile; fileRef = DCBB4FAB2E4D79A90094B0BC /* FileImportRowView.swift */; };
		DCCF6DB32E01EC6900C90252 /* WindowChartView.swift in Sources */ = {isa = PBXBuildFile; fileRef = DCCF6DB22E01EC6900C90252 /* WindowChartView.swift */; };
		DCDD6FAD2E1EF19500E752A0 /* Model3DImportView.swift in Sources */ = {isa = PBXBuildFile; fileRef = DCDD6FAC2E1EF19500E752A0 /* Model3DImportView.swift */; };
		DCDD6FB72E1F1F1E00E752A0 /* ImmersiveWorkspaceView.swift in Sources */ = {isa = PBXBuildFile; fileRef = DCDD6FB62E1F1F1E00E752A0 /* ImmersiveWorkspaceView.swift */; };
		DCDD6FBD2E1F327400E752A0 /* ModelAndPointCloudImportSheet.swift in Sources */ = {isa = PBXBuildFile; fileRef = DCDD6FBC2E1F327400E752A0 /* ModelAndPointCloudImportSheet.swift */; };
		DCDE06EA2E77535B000FCBD1 /* PointCloudRenderer.swift in Sources */ = {isa = PBXBuildFile; fileRef = DCDE06E92E77535B000FCBD1 /* PointCloudRenderer.swift */; };
		DCF0DDC72DE6989D00D0884D /* AppleSignInView.swift in Sources */ = {isa = PBXBuildFile; fileRef = DCF0DDC62DE6989D00D0884D /* AppleSignInView.swift */; };
		DCF74ED02E0619550078C4B8 /* GridConstants.swift in Sources */ = {isa = PBXBuildFile; fileRef = DCF74ECF2E0619550078C4B8 /* GridConstants.swift */; };
		DCFC32E02E15DCAF002A2AA4 /* WorkspaceDialog.swift in Sources */ = {isa = PBXBuildFile; fileRef = DCFC32DF2E15DCAF002A2AA4 /* WorkspaceDialog.swift */; };
		DF58AE232BCD826D00C8F737 /* EntryPoint.swift in Sources */ = {isa = PBXBuildFile; fileRef = DF58AE222BCD826D00C8F737 /* EntryPoint.swift */; };
		DF58AE292BCD826F00C8F737 /* Assets.xcassets in Resources */ = {isa = PBXBuildFile; fileRef = DF58AE282BCD826F00C8F737 /* Assets.xcassets */; };
		DF58AE2C2BCD826F00C8F737 /* Preview Assets.xcassets in Resources */ = {isa = PBXBuildFile; fileRef = DF58AE2B2BCD826F00C8F737 /* Preview Assets.xcassets */; };
/* End PBXBuildFile section */

/* Begin PBXContainerItemProxy section */
		DC3F8DD82E103E090042AAD3 /* PBXContainerItemProxy */ = {
			isa = PBXContainerItemProxy;
			containerPortal = DF58AE132BCD826D00C8F737 /* Project object */;
			proxyType = 1;
			remoteGlobalIDString = DF58AE1A2BCD826D00C8F737;
			remoteInfo = Pulto;
		};
/* End PBXContainerItemProxy section */

/* Begin PBXFileReference section */
		2D3FD743D0652DCDC566B3F6 /* SampleCode.xcconfig */ = {isa = PBXFileReference; lastKnownFileType = text.xcconfig; name = SampleCode.xcconfig; path = Configuration/SampleCode.xcconfig; sourceTree = "<group>"; };
		380E1188A5BB9827EF4A0778 /* LICENSE.txt */ = {isa = PBXFileReference; includeInIndex = 1; lastKnownFileType = text; path = LICENSE.txt; sourceTree = "<group>"; };
		961121329AB26B80BF5FA320 /* README.md */ = {isa = PBXFileReference; lastKnownFileType = net.daringfireball.markdown; path = README.md; sourceTree = "<group>"; };
		DC09C57B2DE3A75E00774D7D /* NotebookChartsView.swift */ = {isa = PBXFileReference; lastKnownFileType = sourcecode.swift; path = NotebookChartsView.swift; sourceTree = "<group>"; };
		DC0E89982DE366E900B27198 /* OpenWindowView.swift */ = {isa = PBXFileReference; lastKnownFileType = sourcecode.swift; path = OpenWindowView.swift; sourceTree = "<group>"; };
		DC0E899C2DE3699000B27198 /* Pluto_1_2374.usdz */ = {isa = PBXFileReference; lastKnownFileType = text; path = Pluto_1_2374.usdz; sourceTree = "<group>"; };
		DC0E899E2DE36A5F00B27198 /* ChartWindowView.swift */ = {isa = PBXFileReference; lastKnownFileType = sourcecode.swift; path = ChartWindowView.swift; sourceTree = "<group>"; };
		DC1CD6742E779D5C002EDE42 /* PointCloudRendererView.swift */ = {isa = PBXFileReference; lastKnownFileType = sourcecode.swift; path = PointCloudRendererView.swift; sourceTree = "<group>"; };
		DC1CD6772E77A128002EDE42 /* PointCloudSupport.swift */ = {isa = PBXFileReference; lastKnownFileType = sourcecode.swift; path = PointCloudSupport.swift; sourceTree = "<group>"; };
		DC2408582E2EC6CC0062838C /* Composer.icon */ = {isa = PBXFileReference; lastKnownFileType = folder.iconcomposer.icon; path = Composer.icon; sourceTree = "<group>"; };
		DC28CF662E02673000F3705E /* LoadUnloadTest.swift */ = {isa = PBXFileReference; lastKnownFileType = sourcecode.swift; path = LoadUnloadTest.swift; sourceTree = "<group>"; };
		DC28CF6B2E026B4300F3705E /* template.ipynb */ = {isa = PBXFileReference; lastKnownFileType = text; path = template.ipynb; sourceTree = "<group>"; };
		DC28CF6D2E026E2300F3705E /* TemplateNotebook.swift */ = {isa = PBXFileReference; lastKnownFileType = sourcecode.swift; path = TemplateNotebook.swift; sourceTree = "<group>"; };
		DC28EA382E036B7D00586089 /* NotebookImportDialog.swift */ = {isa = PBXFileReference; lastKnownFileType = sourcecode.swift; path = NotebookImportDialog.swift; sourceTree = "<group>"; };
		DC3F86062E0F7CD80042AAD3 /* complete_deployment_guide.sh */ = {isa = PBXFileReference; lastKnownFileType = text.script.sh; path = complete_deployment_guide.sh; sourceTree = "<group>"; };
		DC3F8DD42E103E090042AAD3 /* PultoTests.xctest */ = {isa = PBXFileReference; explicitFileType = wrapper.cfbundle; includeInIndex = 0; path = PultoTests.xctest; sourceTree = BUILT_PRODUCTS_DIR; };
		DC509DEA2DF12D790097C6DB /* ChartDataPoint.swift */ = {isa = PBXFileReference; lastKnownFileType = sourcecode.swift; path = ChartDataPoint.swift; sourceTree = "<group>"; };
		DC575EDC2E079DC30057DB73 /* SaveNotebookDialog.swift */ = {isa = PBXFileReference; lastKnownFileType = sourcecode.swift; path = SaveNotebookDialog.swift; sourceTree = "<group>"; };
		DC575EE02E085D4B0057DB73 /* EnhancedNotebookChartsView.swift */ = {isa = PBXFileReference; lastKnownFileType = sourcecode.swift; path = EnhancedNotebookChartsView.swift; sourceTree = "<group>"; };
		DC5839722E2EC42800B8CD7E /* GoodVibes.txt */ = {isa = PBXFileReference; lastKnownFileType = text; path = GoodVibes.txt; sourceTree = "<group>"; };
		DC60FCBF2DFF34EE00996C50 /* PointCloudImport.swift */ = {isa = PBXFileReference; lastKnownFileType = sourcecode.swift; path = PointCloudImport.swift; sourceTree = "<group>"; };
		DC60FCCE2DFF928500996C50 /* WidgetKit.framework */ = {isa = PBXFileReference; lastKnownFileType = wrapper.framework; name = WidgetKit.framework; path = System/Library/Frameworks/WidgetKit.framework; sourceTree = SDKROOT; };
		DC60FCD02DFF929900996C50 /* CloudKit.framework */ = {isa = PBXFileReference; lastKnownFileType = wrapper.framework; name = CloudKit.framework; path = System/Library/Frameworks/CloudKit.framework; sourceTree = SDKROOT; };
		DC6365FB2DE4FFEA00F94FA8 /* SpatialMetadata.swift */ = {isa = PBXFileReference; lastKnownFileType = sourcecode.swift; path = SpatialMetadata.swift; sourceTree = "<group>"; };
		DC6437592E5E2E8F00032551 /* startup_sound.mp3 */ = {isa = PBXFileReference; lastKnownFileType = audio.mp3; path = startup_sound.mp3; sourceTree = "<group>"; };
		DC6437932E5E35DA00032551 /* RealityKitContent */ = {isa = PBXFileReference; lastKnownFileType = wrapper; path = RealityKitContent; sourceTree = "<group>"; };
		DC661B342E04A126005454FE /* SpatialEditorView.swift */ = {isa = PBXFileReference; lastKnownFileType = sourcecode.swift; path = SpatialEditorView.swift; sourceTree = "<group>"; };
		DC6A50A42E0B607600C4FEAF /* EnvironmentView.swift */ = {isa = PBXFileReference; lastKnownFileType = sourcecode.swift; path = EnvironmentView.swift; sourceTree = "<group>"; };
		DC70C5812DE7672800DADEAE /* Lorenz.ipynb */ = {isa = PBXFileReference; lastKnownFileType = text; path = Lorenz.ipynb; sourceTree = "<group>"; };
		DC7630212E17017200BE77CD /* DEV.md */ = {isa = PBXFileReference; lastKnownFileType = sourcecode.swift; path = DEV.md; sourceTree = "<group>"; };
		DC85D58B2E03A2C400559301 /* EnvironmentRestoreDialog.swift */ = {isa = PBXFileReference; lastKnownFileType = sourcecode.swift; path = EnvironmentRestoreDialog.swift; sourceTree = "<group>"; };
		DC85D58D2E03AD7E00559301 /* SimpleRestoreDialog.swift */ = {isa = PBXFileReference; lastKnownFileType = sourcecode.swift; path = SimpleRestoreDialog.swift; sourceTree = "<group>"; };
		DC9BB5BE2E39D7E10043F42B /* NotebookCellViewer.swift */ = {isa = PBXFileReference; lastKnownFileType = sourcecode.swift; path = NotebookCellViewer.swift; sourceTree = "<group>"; };
		DCA833952E0E21E200D32258 /* MARKETING.md */ = {isa = PBXFileReference; lastKnownFileType = net.daringfireball.markdown; path = MARKETING.md; sourceTree = "<group>"; };
		DCAEF7CA2E5F6EFF009551A3 /* PultoHomeView.swift */ = {isa = PBXFileReference; lastKnownFileType = sourcecode.swift; path = PultoHomeView.swift; sourceTree = "<group>"; };
		DCBB4FAB2E4D79A90094B0BC /* FileImportRowView.swift */ = {isa = PBXFileReference; lastKnownFileType = sourcecode.swift; path = FileImportRowView.swift; sourceTree = "<group>"; };
		DCCF6DB22E01EC6900C90252 /* WindowChartView.swift */ = {isa = PBXFileReference; lastKnownFileType = sourcecode.swift; path = WindowChartView.swift; sourceTree = "<group>"; };
		DCD96D932E6CF0BC00567D6E /* BSD-3-Clause-Carnets.txt */ = {isa = PBXFileReference; lastKnownFileType = text; path = "BSD-3-Clause-Carnets.txt"; sourceTree = "<group>"; };
		DCD96D942E6CF0BC00567D6E /* THIRD-PARTY-NOTICES.md */ = {isa = PBXFileReference; lastKnownFileType = net.daringfireball.markdown; path = "THIRD-PARTY-NOTICES.md"; sourceTree = "<group>"; };
		DCDD6FAC2E1EF19500E752A0 /* Model3DImportView.swift */ = {isa = PBXFileReference; lastKnownFileType = sourcecode.swift; path = Model3DImportView.swift; sourceTree = "<group>"; };
		DCDD6FB62E1F1F1E00E752A0 /* ImmersiveWorkspaceView.swift */ = {isa = PBXFileReference; lastKnownFileType = sourcecode.swift; path = ImmersiveWorkspaceView.swift; sourceTree = "<group>"; };
		DCDD6FBC2E1F327400E752A0 /* ModelAndPointCloudImportSheet.swift */ = {isa = PBXFileReference; lastKnownFileType = sourcecode.swift; path = ModelAndPointCloudImportSheet.swift; sourceTree = "<group>"; };
		DCDE06E92E77535B000FCBD1 /* PointCloudRenderer.swift */ = {isa = PBXFileReference; lastKnownFileType = sourcecode.swift; path = PointCloudRenderer.swift; sourceTree = "<group>"; };
		DCF0DDC52DE68DE400D0884D /* Volumetric Window.entitlements */ = {isa = PBXFileReference; lastKnownFileType = text.plist.entitlements; path = "Volumetric Window.entitlements"; sourceTree = "<group>"; };
		DCF0DDC62DE6989D00D0884D /* AppleSignInView.swift */ = {isa = PBXFileReference; lastKnownFileType = sourcecode.swift; path = AppleSignInView.swift; sourceTree = "<group>"; };
		DCF74ECF2E0619550078C4B8 /* GridConstants.swift */ = {isa = PBXFileReference; lastKnownFileType = sourcecode.swift; path = GridConstants.swift; sourceTree = "<group>"; };
		DCFC32DF2E15DCAF002A2AA4 /* WorkspaceDialog.swift */ = {isa = PBXFileReference; lastKnownFileType = sourcecode.swift; path = WorkspaceDialog.swift; sourceTree = "<group>"; };
		DF58AE1B2BCD826D00C8F737 /* Pulto.app */ = {isa = PBXFileReference; explicitFileType = wrapper.application; includeInIndex = 0; path = Pulto.app; sourceTree = BUILT_PRODUCTS_DIR; };
		DF58AE222BCD826D00C8F737 /* EntryPoint.swift */ = {isa = PBXFileReference; lastKnownFileType = sourcecode.swift; path = EntryPoint.swift; sourceTree = "<group>"; };
		DF58AE282BCD826F00C8F737 /* Assets.xcassets */ = {isa = PBXFileReference; lastKnownFileType = folder.assetcatalog; path = Assets.xcassets; sourceTree = "<group>"; };
		DF58AE2B2BCD826F00C8F737 /* Preview Assets.xcassets */ = {isa = PBXFileReference; lastKnownFileType = folder.assetcatalog; path = "Preview Assets.xcassets"; sourceTree = "<group>"; };
		DF58AE2D2BCD826F00C8F737 /* Info.plist */ = {isa = PBXFileReference; lastKnownFileType = text.plist.xml; path = Info.plist; sourceTree = "<group>"; };
/* End PBXFileReference section */

/* Begin PBXFileSystemSynchronizedBuildFileExceptionSet section */
		DC7094582E206D300000CC3A /* PBXFileSystemSynchronizedBuildFileExceptionSet */ = {
			isa = PBXFileSystemSynchronizedBuildFileExceptionSet;
			membershipExceptions = (
				"WindowTypeManager+CoreTracking.swift",
				"WindowTypeManager+Import.swift",
				"WindowTypeManager+Replace.swift",
			);
			target = DF58AE1A2BCD826D00C8F737 /* Pulto */;
		};
		DC85D57B2E03852300559301 /* PBXFileSystemSynchronizedBuildFileExceptionSet */ = {
			isa = PBXFileSystemSynchronizedBuildFileExceptionSet;
			membershipExceptions = (
				generateSamplePointCloud.swift,
				JupyterNotebook.swift,
			);
			target = DF58AE1A2BCD826D00C8F737 /* Pulto */;
		};
		DCB8174D2E2862410014FC37 /* PBXFileSystemSynchronizedBuildFileExceptionSet */ = {
			isa = PBXFileSystemSynchronizedBuildFileExceptionSet;
			membershipExceptions = (
				Import/InstancedPointCloudRenderer.swift,
				Import/PhotogrammetryPipeline.swift,
				Import/pointcloud.csv,
				Import/PointCloudDataStore.swift,
				Import/PointCloudIO.swift,
				Import/PointCloudRendererView.swift,
				Import/PointCloudShaders.metal,
			);
			target = DF58AE1A2BCD826D00C8F737 /* Pulto */;
		};
/* End PBXFileSystemSynchronizedBuildFileExceptionSet section */

/* Begin PBXFileSystemSynchronizedGroupBuildPhaseMembershipExceptionSet section */
		DC24085E2E2ED7C40062838C /* PBXFileSystemSynchronizedGroupBuildPhaseMembershipExceptionSet */ = {
			isa = PBXFileSystemSynchronizedGroupBuildPhaseMembershipExceptionSet;
			buildPhase = DF58AE192BCD826D00C8F737 /* Resources */;
			membershipExceptions = (
				"WindowTypeManager+CoreTracking.swift",
			);
		};
		DC7094512E2010720000CC3A /* PBXFileSystemSynchronizedGroupBuildPhaseMembershipExceptionSet */ = {
			isa = PBXFileSystemSynchronizedGroupBuildPhaseMembershipExceptionSet;
			buildPhase = DF58AE192BCD826D00C8F737 /* Resources */;
			membershipExceptions = (
				generateSamplePointCloud.swift,
			);
		};
/* End PBXFileSystemSynchronizedGroupBuildPhaseMembershipExceptionSet section */

/* Begin PBXFileSystemSynchronizedRootGroup section */
		DC28CF682E02695000F3705E /* Tests */ = {isa = PBXFileSystemSynchronizedRootGroup; explicitFileTypes = {}; explicitFolders = (); path = Tests; sourceTree = "<group>"; };
		DC3F8DD52E103E090042AAD3 /* PultoTests */ = {isa = PBXFileSystemSynchronizedRootGroup; explicitFileTypes = {}; explicitFolders = (); path = PultoTests; sourceTree = "<group>"; };
		DC7094552E206D110000CC3A /* Extensions */ = {isa = PBXFileSystemSynchronizedRootGroup; exceptions = (DC7094582E206D300000CC3A /* PBXFileSystemSynchronizedBuildFileExceptionSet */, DC24085E2E2ED7C40062838C /* PBXFileSystemSynchronizedGroupBuildPhaseMembershipExceptionSet */, ); explicitFileTypes = {}; explicitFolders = (); path = Extensions; sourceTree = "<group>"; };
		DC7094F42E20A5F10000CC3A /* Data */ = {isa = PBXFileSystemSynchronizedRootGroup; exceptions = (DCB8174D2E2862410014FC37 /* PBXFileSystemSynchronizedBuildFileExceptionSet */, ); explicitFileTypes = {}; explicitFolders = (); path = Data; sourceTree = "<group>"; };
		DCF810432E030A1900258CAE /* Models */ = {isa = PBXFileSystemSynchronizedRootGroup; exceptions = (DC85D57B2E03852300559301 /* PBXFileSystemSynchronizedBuildFileExceptionSet */, DC7094512E2010720000CC3A /* PBXFileSystemSynchronizedGroupBuildPhaseMembershipExceptionSet */, ); explicitFileTypes = {}; explicitFolders = (); path = Models; sourceTree = "<group>"; };
/* End PBXFileSystemSynchronizedRootGroup section */

/* Begin PBXFrameworksBuildPhase section */
		DC3F8DD12E103E090042AAD3 /* Frameworks */ = {
			isa = PBXFrameworksBuildPhase;
			buildActionMask = 2147483647;
			files = (
			);
			runOnlyForDeploymentPostprocessing = 0;
		};
		DF58AE182BCD826D00C8F737 /* Frameworks */ = {
			isa = PBXFrameworksBuildPhase;
			buildActionMask = 2147483647;
			files = (
			);
			runOnlyForDeploymentPostprocessing = 0;
		};
/* End PBXFrameworksBuildPhase section */

/* Begin PBXGroup section */
		0860B14583968FDFE9E0702A /* Configuration */ = {
			isa = PBXGroup;
			children = (
				2D3FD743D0652DCDC566B3F6 /* SampleCode.xcconfig */,
			);
			name = Configuration;
			sourceTree = "<group>";
		};
		D9D0CBD0CB4B2C9FA9B9583C /* LICENSE */ = {
			isa = PBXGroup;
			children = (
				380E1188A5BB9827EF4A0778 /* LICENSE.txt */,
			);
			name = LICENSE;
			path = .;
			sourceTree = "<group>";
		};
		DC60FCCD2DFF928500996C50 /* Frameworks */ = {
			isa = PBXGroup;
			children = (
				DC60FCD02DFF929900996C50 /* CloudKit.framework */,
				DC60FCCE2DFF928500996C50 /* WidgetKit.framework */,
			);
			name = Frameworks;
			sourceTree = "<group>";
		};
		DC6437942E5E35DA00032551 /* Packages */ = {
			isa = PBXGroup;
			children = (
				DC6437932E5E35DA00032551 /* RealityKitContent */,
			);
			path = Packages;
			sourceTree = "<group>";
		};
		DCD96D952E6CF0BC00567D6E /* LICENSES */ = {
			isa = PBXGroup;
			children = (
				DCD96D932E6CF0BC00567D6E /* BSD-3-Clause-Carnets.txt */,
				DCD96D942E6CF0BC00567D6E /* THIRD-PARTY-NOTICES.md */,
			);
			path = LICENSES;
			sourceTree = "<group>";
		};
		DF58AE122BCD826D00C8F737 = {
			isa = PBXGroup;
			children = (
				DCD96D952E6CF0BC00567D6E /* LICENSES */,
				DC3F86062E0F7CD80042AAD3 /* complete_deployment_guide.sh */,
				DCF0DDC52DE68DE400D0884D /* Volumetric Window.entitlements */,
				DF58AE1D2BCD826D00C8F737 /* Pulto */,
				961121329AB26B80BF5FA320 /* README.md */,
				DC7630212E17017200BE77CD /* DEV.md */,
				DC3F8DD52E103E090042AAD3 /* PultoTests */,
				DF58AE1C2BCD826D00C8F737 /* Products */,
				0860B14583968FDFE9E0702A /* Configuration */,
				D9D0CBD0CB4B2C9FA9B9583C /* LICENSE */,
				DC60FCCD2DFF928500996C50 /* Frameworks */,
				DCA833952E0E21E200D32258 /* MARKETING.md */,
			);
			sourceTree = "<group>";
		};
		DF58AE1C2BCD826D00C8F737 /* Products */ = {
			isa = PBXGroup;
			children = (
				DF58AE1B2BCD826D00C8F737 /* Pulto.app */,
				DC3F8DD42E103E090042AAD3 /* PultoTests.xctest */,
			);
			name = Products;
			sourceTree = "<group>";
		};
		DF58AE1D2BCD826D00C8F737 /* Pulto */ = {
			isa = PBXGroup;
			children = (
				DC6437942E5E35DA00032551 /* Packages */,
				DC7094552E206D110000CC3A /* Extensions */,
				DCF810432E030A1900258CAE /* Models */,
				DC28CF682E02695000F3705E /* Tests */,
				F5CE2A592C2B2A00009123E2 /* Views */,
				DF58AE3D2BCD8D8200C8F737 /* Resources */,
				F5CE2A582C2B27D7009123E2 /* App */,
			);
			path = Pulto;
			sourceTree = "<group>";
		};
		DF58AE3D2BCD8D8200C8F737 /* Resources */ = {
			isa = PBXGroup;
			children = (
				DC6437592E5E2E8F00032551 /* startup_sound.mp3 */,
				DC28CF6B2E026B4300F3705E /* template.ipynb */,
				DC0E899C2DE3699000B27198 /* Pluto_1_2374.usdz */,
				DC70C5812DE7672800DADEAE /* Lorenz.ipynb */,
			);
			path = Resources;
			sourceTree = "<group>";
		};
		F5CE2A582C2B27D7009123E2 /* App */ = {
			isa = PBXGroup;
			children = (
				DC2408582E2EC6CC0062838C /* Composer.icon */,
				DF58AE222BCD826D00C8F737 /* EntryPoint.swift */,
				DF58AE2D2BCD826F00C8F737 /* Info.plist */,
				DF58AE282BCD826F00C8F737 /* Assets.xcassets */,
				DC5839722E2EC42800B8CD7E /* GoodVibes.txt */,
				DF58AE2B2BCD826F00C8F737 /* Preview Assets.xcassets */,
			);
			path = App;
			sourceTree = "<group>";
		};
		F5CE2A592C2B2A00009123E2 /* Views */ = {
			isa = PBXGroup;
			children = (
				DC7094F42E20A5F10000CC3A /* Data */,
				DCF0DDC62DE6989D00D0884D /* AppleSignInView.swift */,
				DC575EE02E085D4B0057DB73 /* EnhancedNotebookChartsView.swift */,
				DC85D58B2E03A2C400559301 /* EnvironmentRestoreDialog.swift */,
				DC09C57B2DE3A75E00774D7D /* NotebookChartsView.swift */,
				DC6A50A42E0B607600C4FEAF /* EnvironmentView.swift */,
				DCF74ECF2E0619550078C4B8 /* GridConstants.swift */,
				DCDD6FB62E1F1F1E00E752A0 /* ImmersiveWorkspaceView.swift */,
				DC28CF662E02673000F3705E /* LoadUnloadTest.swift */,
				DCDD6FAC2E1EF19500E752A0 /* Model3DImportView.swift */,
				DCDD6FBC2E1F327400E752A0 /* ModelAndPointCloudImportSheet.swift */,
				DC28EA382E036B7D00586089 /* NotebookImportDialog.swift */,
				DC0E89982DE366E900B27198 /* OpenWindowView.swift */,
				DC9BB5BE2E39D7E10043F42B /* NotebookCellViewer.swift */,
				DCBB4FAB2E4D79A90094B0BC /* FileImportRowView.swift */,
				DC575EDC2E079DC30057DB73 /* SaveNotebookDialog.swift */,
				DC85D58D2E03AD7E00559301 /* SimpleRestoreDialog.swift */,
				DC661B342E04A126005454FE /* SpatialEditorView.swift */,
				DC6365FB2DE4FFEA00F94FA8 /* SpatialMetadata.swift */,
				DC28CF6D2E026E2300F3705E /* TemplateNotebook.swift */,
				DCCF6DB22E01EC6900C90252 /* WindowChartView.swift */,
				DCFC32DF2E15DCAF002A2AA4 /* WorkspaceDialog.swift */,
				DC509DEA2DF12D790097C6DB /* ChartDataPoint.swift */,
				DC60FCBF2DFF34EE00996C50 /* PointCloudImport.swift */,
				DC0E899E2DE36A5F00B27198 /* ChartWindowView.swift */,
				DCAEF7CA2E5F6EFF009551A3 /* PultoHomeView.swift */,
				DCDE06E92E77535B000FCBD1 /* PointCloudRenderer.swift */,
				DC1CD6742E779D5C002EDE42 /* PointCloudRendererView.swift */,
				DC1CD6772E77A128002EDE42 /* PointCloudSupport.swift */,
			);
			path = Views;
			sourceTree = "<group>";
		};
/* End PBXGroup section */

/* Begin PBXNativeTarget section */
		DC3F8DD32E103E090042AAD3 /* PultoTests */ = {
			isa = PBXNativeTarget;
			buildConfigurationList = DC3F8DDA2E103E090042AAD3 /* Build configuration list for PBXNativeTarget "PultoTests" */;
			buildPhases = (
				DC3F8DD02E103E090042AAD3 /* Sources */,
				DC3F8DD12E103E090042AAD3 /* Frameworks */,
				DC3F8DD22E103E090042AAD3 /* Resources */,
			);
			buildRules = (
			);
			dependencies = (
				DC3F8DD92E103E090042AAD3 /* PBXTargetDependency */,
			);
			fileSystemSynchronizedGroups = (
				DC3F8DD52E103E090042AAD3 /* PultoTests */,
			);
			name = PultoTests;
			packageProductDependencies = (
			);
			productName = PultoTests;
			productReference = DC3F8DD42E103E090042AAD3 /* PultoTests.xctest */;
			productType = "com.apple.product-type.bundle.unit-test";
		};
		DF58AE1A2BCD826D00C8F737 /* Pulto */ = {
			isa = PBXNativeTarget;
			buildConfigurationList = DF58AE302BCD826F00C8F737 /* Build configuration list for PBXNativeTarget "Pulto" */;
			buildPhases = (
				DF58AE172BCD826D00C8F737 /* Sources */,
				DF58AE182BCD826D00C8F737 /* Frameworks */,
				DF58AE192BCD826D00C8F737 /* Resources */,
			);
			buildRules = (
			);
			dependencies = (
			);
			fileSystemSynchronizedGroups = (
				DC28CF682E02695000F3705E /* Tests */,
				DC7094552E206D110000CC3A /* Extensions */,
				DC7094F42E20A5F10000CC3A /* Data */,
				DCF810432E030A1900258CAE /* Models */,
			);
			name = Pulto;
			productName = VolumetricWindow;
			productReference = DF58AE1B2BCD826D00C8F737 /* Pulto.app */;
			productType = "com.apple.product-type.application";
		};
/* End PBXNativeTarget section */

/* Begin PBXProject section */
		DF58AE132BCD826D00C8F737 /* Project object */ = {
			isa = PBXProject;
			attributes = {
				BuildIndependentTargetsInParallel = 1;
				LastSwiftUpdateCheck = 2600;
				LastUpgradeCheck = 2600;
				ORGANIZATIONNAME = Apple;
				TargetAttributes = {
					DC3F8DD32E103E090042AAD3 = {
						CreatedOnToolsVersion = 26.0;
						TestTargetID = DF58AE1A2BCD826D00C8F737;
					};
					DF58AE1A2BCD826D00C8F737 = {
						CreatedOnToolsVersion = 15.3;
					};
				};
			};
			buildConfigurationList = DF58AE162BCD826D00C8F737 /* Build configuration list for PBXProject "Pulto3" */;
			developmentRegion = en;
			hasScannedForEncodings = 0;
			knownRegions = (
				en,
				Base,
			);
			mainGroup = DF58AE122BCD826D00C8F737;
			packageReferences = (
			);
			preferredProjectObjectVersion = 56;
			productRefGroup = DF58AE1C2BCD826D00C8F737 /* Products */;
			projectDirPath = "";
			projectRoot = "";
			targets = (
				DF58AE1A2BCD826D00C8F737 /* Pulto */,
				DC3F8DD32E103E090042AAD3 /* PultoTests */,
			);
		};
/* End PBXProject section */

/* Begin PBXResourcesBuildPhase section */
		DC3F8DD22E103E090042AAD3 /* Resources */ = {
			isa = PBXResourcesBuildPhase;
			buildActionMask = 2147483647;
			files = (
			);
			runOnlyForDeploymentPostprocessing = 0;
		};
		DF58AE192BCD826D00C8F737 /* Resources */ = {
			isa = PBXResourcesBuildPhase;
			buildActionMask = 2147483647;
			files = (
				DC2408592E2EC6CC0062838C /* Composer.icon in Resources */,
				DC5839732E2EC42800B8CD7E /* GoodVibes.txt in Resources */,
				DC28CF6C2E026B4300F3705E /* template.ipynb in Resources */,
				DC70C5822DE7672800DADEAE /* Lorenz.ipynb in Resources */,
				DC64375A2E5E2E8F00032551 /* startup_sound.mp3 in Resources */,
				DF58AE2C2BCD826F00C8F737 /* Preview Assets.xcassets in Resources */,
				DF58AE292BCD826F00C8F737 /* Assets.xcassets in Resources */,
			);
			runOnlyForDeploymentPostprocessing = 0;
		};
/* End PBXResourcesBuildPhase section */

/* Begin PBXSourcesBuildPhase section */
		DC3F8DD02E103E090042AAD3 /* Sources */ = {
			isa = PBXSourcesBuildPhase;
			buildActionMask = 2147483647;
			files = (
			);
			runOnlyForDeploymentPostprocessing = 0;
		};
		DF58AE172BCD826D00C8F737 /* Sources */ = {
			isa = PBXSourcesBuildPhase;
			buildActionMask = 2147483647;
			files = (
				DC509DEB2DF12D790097C6DB /* ChartDataPoint.swift in Sources */,
				DC6A50A52E0B607600C4FEAF /* EnvironmentView.swift in Sources */,
				DC0E89992DE366E900B27198 /* OpenWindowView.swift in Sources */,
				DC575EE12E085D4B0057DB73 /* EnhancedNotebookChartsView.swift in Sources */,
				DC28CF672E02673000F3705E /* LoadUnloadTest.swift in Sources */,
				DC6365FC2DE4FFEA00F94FA8 /* SpatialMetadata.swift in Sources */,
				DCAEF7CB2E5F6EFF009551A3 /* PultoHomeView.swift in Sources */,
				DC1CD6782E77A128002EDE42 /* PointCloudSupport.swift in Sources */,
				DC1CD6752E779D5C002EDE42 /* PointCloudRendererView.swift in Sources */,
				DCDD6FAD2E1EF19500E752A0 /* Model3DImportView.swift in Sources */,
				DC28EA392E036B7D00586089 /* NotebookImportDialog.swift in Sources */,
				DCDE06EA2E77535B000FCBD1 /* PointCloudRenderer.swift in Sources */,
				DC9BB5BF2E39D7E10043F42B /* NotebookCellViewer.swift in Sources */,
				DF58AE232BCD826D00C8F737 /* EntryPoint.swift in Sources */,
				DCDD6FBD2E1F327400E752A0 /* ModelAndPointCloudImportSheet.swift in Sources */,
				DC09C57C2DE3A75E00774D7D /* NotebookChartsView.swift in Sources */,
				DC85D58E2E03AD7E00559301 /* SimpleRestoreDialog.swift in Sources */,
				DCF74ED02E0619550078C4B8 /* GridConstants.swift in Sources */,
				DC60FCC02DFF34EE00996C50 /* PointCloudImport.swift in Sources */,
				DCF0DDC72DE6989D00D0884D /* AppleSignInView.swift in Sources */,
				DC28CF6E2E026E2300F3705E /* TemplateNotebook.swift in Sources */,
				DCDD6FB72E1F1F1E00E752A0 /* ImmersiveWorkspaceView.swift in Sources */,
				DC0E899F2DE36A5F00B27198 /* ChartWindowView.swift in Sources */,
				DCBB4FAC2E4D79A90094B0BC /* FileImportRowView.swift in Sources */,
				DC575EDD2E079DC30057DB73 /* SaveNotebookDialog.swift in Sources */,
				DC661B352E04A126005454FE /* SpatialEditorView.swift in Sources */,
				DCFC32E02E15DCAF002A2AA4 /* WorkspaceDialog.swift in Sources */,
				DCCF6DB32E01EC6900C90252 /* WindowChartView.swift in Sources */,
				DC85D58C2E03A2C400559301 /* EnvironmentRestoreDialog.swift in Sources */,
			);
			runOnlyForDeploymentPostprocessing = 0;
		};
/* End PBXSourcesBuildPhase section */

/* Begin PBXTargetDependency section */
		DC3F8DD92E103E090042AAD3 /* PBXTargetDependency */ = {
			isa = PBXTargetDependency;
			target = DF58AE1A2BCD826D00C8F737 /* Pulto */;
			targetProxy = DC3F8DD82E103E090042AAD3 /* PBXContainerItemProxy */;
		};
/* End PBXTargetDependency section */

/* Begin XCBuildConfiguration section */
		DC3F8DDB2E103E090042AAD3 /* Debug */ = {
			isa = XCBuildConfiguration;
			buildSettings = {
				BUNDLE_LOADER = "$(TEST_HOST)";
				CODE_SIGN_STYLE = Automatic;
				CURRENT_PROJECT_VERSION = 1;
				DEVELOPMENT_TEAM = WRNM3984BA;
				ENABLE_USER_SCRIPT_SANDBOXING = YES;
				GENERATE_INFOPLIST_FILE = YES;
				MARKETING_VERSION = 1.0;
				PRODUCT_BUNDLE_IDENTIFIER = com.aconsapart.ShapeShift.PultoTests;
				PRODUCT_NAME = "$(TARGET_NAME)";
				STRING_CATALOG_GENERATE_SYMBOLS = NO;
				SUPPORTED_PLATFORMS = "xros xrsimulator";
				SWIFT_EMIT_LOC_STRINGS = NO;
				SWIFT_UPCOMING_FEATURE_MEMBER_IMPORT_VISIBILITY = YES;
				SWIFT_VERSION = 5.0;
				TARGETED_DEVICE_FAMILY = 7;
				TEST_HOST = "$(BUILT_PRODUCTS_DIR)/Pulto.app/$(BUNDLE_EXECUTABLE_FOLDER_PATH)/Pulto";
				XROS_DEPLOYMENT_TARGET = 26.0;
			};
			name = Debug;
		};
		DC3F8DDC2E103E090042AAD3 /* Release */ = {
			isa = XCBuildConfiguration;
			buildSettings = {
				BUNDLE_LOADER = "$(TEST_HOST)";
				CODE_SIGN_STYLE = Automatic;
				CURRENT_PROJECT_VERSION = 1;
				DEVELOPMENT_TEAM = WRNM3984BA;
				ENABLE_USER_SCRIPT_SANDBOXING = YES;
				GENERATE_INFOPLIST_FILE = YES;
				MARKETING_VERSION = 1.0;
				PRODUCT_BUNDLE_IDENTIFIER = com.aconsapart.ShapeShift.PultoTests;
				PRODUCT_NAME = "$(TARGET_NAME)";
				STRING_CATALOG_GENERATE_SYMBOLS = NO;
				SUPPORTED_PLATFORMS = "xros xrsimulator";
				SWIFT_EMIT_LOC_STRINGS = NO;
				SWIFT_UPCOMING_FEATURE_MEMBER_IMPORT_VISIBILITY = YES;
				SWIFT_VERSION = 5.0;
				TARGETED_DEVICE_FAMILY = 7;
				TEST_HOST = "$(BUILT_PRODUCTS_DIR)/Pulto.app/$(BUNDLE_EXECUTABLE_FOLDER_PATH)/Pulto";
				XROS_DEPLOYMENT_TARGET = 26.0;
			};
			name = Release;
		};
		DF58AE2E2BCD826F00C8F737 /* Debug */ = {
			isa = XCBuildConfiguration;
			baseConfigurationReference = 2D3FD743D0652DCDC566B3F6 /* SampleCode.xcconfig */;
			buildSettings = {
				ALWAYS_SEARCH_USER_PATHS = NO;
				ASSETCATALOG_COMPILER_GENERATE_SWIFT_ASSET_SYMBOL_EXTENSIONS = YES;
				CLANG_ANALYZER_NONNULL = YES;
				CLANG_ANALYZER_NUMBER_OBJECT_CONVERSION = YES_AGGRESSIVE;
				CLANG_CXX_LANGUAGE_STANDARD = "gnu++20";
				CLANG_ENABLE_MODULES = YES;
				CLANG_ENABLE_OBJC_ARC = YES;
				CLANG_ENABLE_OBJC_WEAK = YES;
				CLANG_WARN_BLOCK_CAPTURE_AUTORELEASING = YES;
				CLANG_WARN_BOOL_CONVERSION = YES;
				CLANG_WARN_COMMA = YES;
				CLANG_WARN_CONSTANT_CONVERSION = YES;
				CLANG_WARN_DEPRECATED_OBJC_IMPLEMENTATIONS = YES;
				CLANG_WARN_DIRECT_OBJC_ISA_USAGE = YES_ERROR;
				CLANG_WARN_DOCUMENTATION_COMMENTS = YES;
				CLANG_WARN_EMPTY_BODY = YES;
				CLANG_WARN_ENUM_CONVERSION = YES;
				CLANG_WARN_INFINITE_RECURSION = YES;
				CLANG_WARN_INT_CONVERSION = YES;
				CLANG_WARN_NON_LITERAL_NULL_CONVERSION = YES;
				CLANG_WARN_OBJC_IMPLICIT_RETAIN_SELF = YES;
				CLANG_WARN_OBJC_LITERAL_CONVERSION = YES;
				CLANG_WARN_OBJC_ROOT_CLASS = YES_ERROR;
				CLANG_WARN_QUOTED_INCLUDE_IN_FRAMEWORK_HEADER = YES;
				CLANG_WARN_RANGE_LOOP_ANALYSIS = YES;
				CLANG_WARN_STRICT_PROTOTYPES = YES;
				CLANG_WARN_SUSPICIOUS_MOVE = YES;
				CLANG_WARN_UNGUARDED_AVAILABILITY = YES_AGGRESSIVE;
				CLANG_WARN_UNREACHABLE_CODE = YES;
				CLANG_WARN__DUPLICATE_METHOD_MATCH = YES;
				COPY_PHASE_STRIP = NO;
				DEBUG_INFORMATION_FORMAT = dwarf;
				DEVELOPMENT_TEAM = WRNM3984BA;
				ENABLE_STRICT_OBJC_MSGSEND = YES;
				ENABLE_TESTABILITY = YES;
				ENABLE_USER_SCRIPT_SANDBOXING = NO;
				GCC_C_LANGUAGE_STANDARD = gnu17;
				GCC_DYNAMIC_NO_PIC = NO;
				GCC_NO_COMMON_BLOCKS = YES;
				GCC_OPTIMIZATION_LEVEL = 0;
				GCC_PREPROCESSOR_DEFINITIONS = (
					"DEBUG=1",
					"$(inherited)",
				);
				GCC_WARN_64_TO_32_BIT_CONVERSION = YES;
				GCC_WARN_ABOUT_RETURN_TYPE = YES_ERROR;
				GCC_WARN_UNDECLARED_SELECTOR = YES;
				GCC_WARN_UNINITIALIZED_AUTOS = YES_AGGRESSIVE;
				GCC_WARN_UNUSED_FUNCTION = YES;
				GCC_WARN_UNUSED_VARIABLE = YES;
				LOCALIZATION_PREFERS_STRING_CATALOGS = YES;
				MTL_ENABLE_DEBUG_INFO = INCLUDE_SOURCE;
				MTL_FAST_MATH = YES;
				ONLY_ACTIVE_ARCH = NO;
				SDKROOT = xros;
				STRING_CATALOG_GENERATE_SYMBOLS = YES;
				SWIFT_ACTIVE_COMPILATION_CONDITIONS = "DEBUG $(inherited)";
				SWIFT_OPTIMIZATION_LEVEL = "-Onone";
				XROS_DEPLOYMENT_TARGET = 26.0;
			};
			name = Debug;
		};
		DF58AE2F2BCD826F00C8F737 /* Release */ = {
			isa = XCBuildConfiguration;
			baseConfigurationReference = 2D3FD743D0652DCDC566B3F6 /* SampleCode.xcconfig */;
			buildSettings = {
				ALWAYS_SEARCH_USER_PATHS = NO;
				ASSETCATALOG_COMPILER_GENERATE_SWIFT_ASSET_SYMBOL_EXTENSIONS = YES;
				CLANG_ANALYZER_NONNULL = YES;
				CLANG_ANALYZER_NUMBER_OBJECT_CONVERSION = YES_AGGRESSIVE;
				CLANG_CXX_LANGUAGE_STANDARD = "gnu++20";
				CLANG_ENABLE_MODULES = YES;
				CLANG_ENABLE_OBJC_ARC = YES;
				CLANG_ENABLE_OBJC_WEAK = YES;
				CLANG_WARN_BLOCK_CAPTURE_AUTORELEASING = YES;
				CLANG_WARN_BOOL_CONVERSION = YES;
				CLANG_WARN_COMMA = YES;
				CLANG_WARN_CONSTANT_CONVERSION = YES;
				CLANG_WARN_DEPRECATED_OBJC_IMPLEMENTATIONS = YES;
				CLANG_WARN_DIRECT_OBJC_ISA_USAGE = YES_ERROR;
				CLANG_WARN_DOCUMENTATION_COMMENTS = YES;
				CLANG_WARN_EMPTY_BODY = YES;
				CLANG_WARN_ENUM_CONVERSION = YES;
				CLANG_WARN_INFINITE_RECURSION = YES;
				CLANG_WARN_INT_CONVERSION = YES;
				CLANG_WARN_NON_LITERAL_NULL_CONVERSION = YES;
				CLANG_WARN_OBJC_IMPLICIT_RETAIN_SELF = YES;
				CLANG_WARN_OBJC_LITERAL_CONVERSION = YES;
				CLANG_WARN_OBJC_ROOT_CLASS = YES_ERROR;
				CLANG_WARN_QUOTED_INCLUDE_IN_FRAMEWORK_HEADER = YES;
				CLANG_WARN_RANGE_LOOP_ANALYSIS = YES;
				CLANG_WARN_STRICT_PROTOTYPES = YES;
				CLANG_WARN_SUSPICIOUS_MOVE = YES;
				CLANG_WARN_UNGUARDED_AVAILABILITY = YES_AGGRESSIVE;
				CLANG_WARN_UNREACHABLE_CODE = YES;
				CLANG_WARN__DUPLICATE_METHOD_MATCH = YES;
				COPY_PHASE_STRIP = NO;
				DEBUG_INFORMATION_FORMAT = "dwarf-with-dsym";
				DEVELOPMENT_TEAM = WRNM3984BA;
				ENABLE_NS_ASSERTIONS = NO;
				ENABLE_STRICT_OBJC_MSGSEND = YES;
				ENABLE_USER_SCRIPT_SANDBOXING = NO;
				GCC_C_LANGUAGE_STANDARD = gnu17;
				GCC_NO_COMMON_BLOCKS = YES;
				GCC_WARN_64_TO_32_BIT_CONVERSION = YES;
				GCC_WARN_ABOUT_RETURN_TYPE = YES_ERROR;
				GCC_WARN_UNDECLARED_SELECTOR = YES;
				GCC_WARN_UNINITIALIZED_AUTOS = YES_AGGRESSIVE;
				GCC_WARN_UNUSED_FUNCTION = YES;
				GCC_WARN_UNUSED_VARIABLE = YES;
				LOCALIZATION_PREFERS_STRING_CATALOGS = YES;
				MTL_ENABLE_DEBUG_INFO = NO;
				MTL_FAST_MATH = YES;
				SDKROOT = xros;
				STRING_CATALOG_GENERATE_SYMBOLS = YES;
				SWIFT_COMPILATION_MODE = wholemodule;
				VALIDATE_PRODUCT = YES;
				XROS_DEPLOYMENT_TARGET = 26.0;
			};
			name = Release;
		};
		DF58AE312BCD826F00C8F737 /* Debug */ = {
			isa = XCBuildConfiguration;
			baseConfigurationReference = 2D3FD743D0652DCDC566B3F6 /* SampleCode.xcconfig */;
			buildSettings = {
				ASSETCATALOG_COMPILER_APPICON_NAME = AppIcon;
				CODE_SIGN_ENTITLEMENTS = "Volumetric Window.entitlements";
				CODE_SIGN_IDENTITY = "Apple Development";
				CODE_SIGN_STYLE = Automatic;
				CURRENT_PROJECT_VERSION = 1;
				DEVELOPMENT_ASSET_PATHS = Pulto;
				ENABLE_PREVIEWS = YES;
				ENABLE_USER_SCRIPT_SANDBOXING = YES;
				GENERATE_INFOPLIST_FILE = YES;
				INFOPLIST_FILE = Pulto/App/Info.plist;
				INFOPLIST_KEY_CFBundleDisplayName = Pulto;
				INFOPLIST_KEY_LSSupportsOpeningDocumentsInPlace = YES;
				LD_RUNPATH_SEARCH_PATHS = (
					"$(inherited)",
					"@executable_path/Frameworks",
				);
				LIBRARY_SEARCH_PATHS = "$(inherited)";
				MARKETING_VERSION = 1.0;
				PRODUCT_BUNDLE_IDENTIFIER = com.ncategory.pulto;
				PRODUCT_NAME = "$(TARGET_NAME)";
				PROVISIONING_PROFILE_SPECIFIER = "";
				SUPPORTED_PLATFORMS = "xros xrsimulator";
				SWIFT_EMIT_LOC_STRINGS = YES;
				SWIFT_VERSION = 5.0;
				TARGETED_DEVICE_FAMILY = 7;
			};
			name = Debug;
		};
		DF58AE322BCD826F00C8F737 /* Release */ = {
			isa = XCBuildConfiguration;
			baseConfigurationReference = 2D3FD743D0652DCDC566B3F6 /* SampleCode.xcconfig */;
			buildSettings = {
				ASSETCATALOG_COMPILER_APPICON_NAME = AppIcon;
				CODE_SIGN_ENTITLEMENTS = "Volumetric Window.entitlements";
				CODE_SIGN_IDENTITY = "Apple Development";
				CODE_SIGN_STYLE = Automatic;
				CURRENT_PROJECT_VERSION = 1;
				DEVELOPMENT_ASSET_PATHS = Pulto;
				ENABLE_PREVIEWS = YES;
				ENABLE_USER_SCRIPT_SANDBOXING = YES;
				"EXCLUDED_SOURCE_FILE_NAMES[arch=*]" = Backend;
				GENERATE_INFOPLIST_FILE = YES;
				INFOPLIST_FILE = Pulto/App/Info.plist;
				INFOPLIST_KEY_CFBundleDisplayName = Pulto;
				INFOPLIST_KEY_LSSupportsOpeningDocumentsInPlace = YES;
				LD_RUNPATH_SEARCH_PATHS = (
					"$(inherited)",
					"@executable_path/Frameworks",
				);
				LIBRARY_SEARCH_PATHS = "$(inherited)";
				MARKETING_VERSION = 1.0;
				PRODUCT_BUNDLE_IDENTIFIER = com.ncategory.pulto;
				PRODUCT_NAME = "$(TARGET_NAME)";
				PROVISIONING_PROFILE_SPECIFIER = "";
				SUPPORTED_PLATFORMS = "xros xrsimulator";
				SWIFT_EMIT_LOC_STRINGS = YES;
				SWIFT_VERSION = 5.0;
				TARGETED_DEVICE_FAMILY = 7;
			};
			name = Release;
		};
/* End XCBuildConfiguration section */

/* Begin XCConfigurationList section */
		DC3F8DDA2E103E090042AAD3 /* Build configuration list for PBXNativeTarget "PultoTests" */ = {
			isa = XCConfigurationList;
			buildConfigurations = (
				DC3F8DDB2E103E090042AAD3 /* Debug */,
				DC3F8DDC2E103E090042AAD3 /* Release */,
			);
			defaultConfigurationIsVisible = 0;
			defaultConfigurationName = Release;
		};
		DF58AE162BCD826D00C8F737 /* Build configuration list for PBXProject "Pulto3" */ = {
			isa = XCConfigurationList;
			buildConfigurations = (
				DF58AE2E2BCD826F00C8F737 /* Debug */,
				DF58AE2F2BCD826F00C8F737 /* Release */,
			);
			defaultConfigurationIsVisible = 0;
			defaultConfigurationName = Release;
		};
		DF58AE302BCD826F00C8F737 /* Build configuration list for PBXNativeTarget "Pulto" */ = {
			isa = XCConfigurationList;
			buildConfigurations = (
				DF58AE312BCD826F00C8F737 /* Debug */,
				DF58AE322BCD826F00C8F737 /* Release */,
			);
			defaultConfigurationIsVisible = 0;
			defaultConfigurationName = Release;
		};
/* End XCConfigurationList section */
	};
	rootObject = DF58AE132BCD826D00C8F737 /* Project object */;
}
